{
  "name": "disc-analyzer",
  "lockfileVersion": 3,
  "requires": true,
  "packages": {
    "": {
      "dependencies": {
        "shell-quote": "^1.8.3",
        "yalls": "^0.7.0"
      }
    },
    "node_modules/shell-quote": {
      "version": "1.8.3",
      "resolved": "https://registry.npmjs.org/shell-quote/-/shell-quote-1.8.3.tgz",
      "integrity": "sha512-ObmnIF4hXNg1BqhnHmgbDETF8dLPCggZWBjkQfhZpbszZnYur5DUljTcCHii5LC3J5E0yeO/1LIMyH+UvHQgyw==",
      "license": "MIT",
      "engines": {
        "node": ">= 0.4"
      },
      "funding": {
        "url": "https://github.com/sponsors/ljharb"
      }
    },
    "node_modules/yaclc": {
      "version": "1.1.0",
      "resolved": "https://registry.npmjs.org/yaclc/-/yaclc-1.1.0.tgz",
      "integrity": "sha512-lCFmRQO0/BfrJ1xjHWpI/9sDD+nraUdwpHZFoc+TFAoUTfMD3NT8lIhMtIzDmxL0nx1cz4KmodeZ7+MjX+Dd0A==",
      "license": "MIT",
      "engines": {
        "node": ">=12"
      }
    },
    "node_modules/yalls": {
      "version": "0.7.0",
      "resolved": "https://registry.npmjs.org/yalls/-/yalls-0.7.0.tgz",
      "integrity": "sha512-eRHod9jZkrK5St7cV8seg6bmwVQKJQbCZk80hKxb0Pf0qjmbKiIK3XNMyqtGUt4+GQtNYuFecfPfMO1mwkv4cQ==",
      "license": "MIT",
      "dependencies": {
        "yaclc": "^1.1.0"
      },
      "engines": {
        "node": ">=12"
      }
    }
  }
}
